
Microsoft Visual Studio Solution File, Format Version 12.00
# Visual Studio Version 16
VisualStudioVersion = 16.0.31129.286
MinimumVisualStudioVersion = 10.0.40219.1
Project("{FAE04EC0-301F-11D3-BF4B-00C04F79EFBC}") = "Game Project", "Game Project\Game Project.csproj", "{A4FC4DFC-0687-489D-83E0-A6DC3F6CC399}"
EndProject
Global
	GlobalSection(SolutionConfigurationPlatforms) = preSolution
		Debug|Any CPU = Debug|Any CPU
		Release|Any CPU = Release|Any CPU
	EndGlobalSection
	GlobalSection(ProjectConfigurationPlatforms) = postSolution
		{A4FC4DFC-0687-489D-83E0-A6DC3F6CC399}.Debug|Any CPU.ActiveCfg = Debug|Any CPU
		{A4FC4DFC-0687-489D-83E0-A6DC3F6CC399}.Debug|Any CPU.Build.0 = Debug|Any CPU
		{A4FC4DFC-0687-489D-83E0-A6DC3F6CC399}.Release|Any CPU.ActiveCfg = Release|Any CPU
		{A4FC4DFC-0687-489D-83E0-A6DC3F6CC399}.Release|Any CPU.Build.0 = Release|Any CPU
	EndGlobalSection
	GlobalSection(SolutionProperties) = preSolution
		HideSolutionNode = FALSE
	EndGlobalSection
	GlobalSection(ExtensibilityGlobals) = postSolution
		SolutionGuid = {11E60EB7-F7C5-402C-BCF7-93220749C0DC}
	EndGlobalSection
EndGlobal
